// !$*UTF8*$!
{
	archiveVersion = 1;
	classes = {
	};
	objectVersion = 46;
	objects = {

/* Begin PBXBuildFile section */
		851666AC1CBF32C000C6AE47 /* main.m in Sources */ = {isa = PBXBuildFile; fileRef = 851666AB1CBF32C000C6AE47 /* main.m */; };
		851666AF1CBF32C000C6AE47 /* AppDelegate.m in Sources */ = {isa = PBXBuildFile; fileRef = 851666AE1CBF32C000C6AE47 /* AppDelegate.m */; };
		851666B21CBF32C000C6AE47 /* ViewController.m in Sources */ = {isa = PBXBuildFile; fileRef = 851666B11CBF32C000C6AE47 /* ViewController.m */; };
		851666B51CBF32C000C6AE47 /* Main.storyboard in Resources */ = {isa = PBXBuildFile; fileRef = 851666B31CBF32C000C6AE47 /* Main.storyboard */; };
		851666B71CBF32C000C6AE47 /* Assets.xcassets in Resources */ = {isa = PBXBuildFile; fileRef = 851666B61CBF32C000C6AE47 /* Assets.xcassets */; };
		851666BA1CBF32C000C6AE47 /* LaunchScreen.storyboard in Resources */ = {isa = PBXBuildFile; fileRef = 851666B81CBF32C000C6AE47 /* LaunchScreen.storyboard */; };
		851666C51CBF32C000C6AE47 /* DJTargetTests.m in Sources */ = {isa = PBXBuildFile; fileRef = 851666C41CBF32C000C6AE47 /* DJTargetTests.m */; };
		851666D01CBF32C000C6AE47 /* DJTargetUITests.m in Sources */ = {isa = PBXBuildFile; fileRef = 851666CF1CBF32C000C6AE47 /* DJTargetUITests.m */; };
		851666DF1CBF334F00C6AE47 /* ViewController.m in Sources */ = {isa = PBXBuildFile; fileRef = 851666B11CBF32C000C6AE47 /* ViewController.m */; };
		851666E01CBF334F00C6AE47 /* AppDelegate.m in Sources */ = {isa = PBXBuildFile; fileRef = 851666AE1CBF32C000C6AE47 /* AppDelegate.m */; };
		851666E11CBF334F00C6AE47 /* main.m in Sources */ = {isa = PBXBuildFile; fileRef = 851666AB1CBF32C000C6AE47 /* main.m */; };
		851666E41CBF334F00C6AE47 /* LaunchScreen.storyboard in Resources */ = {isa = PBXBuildFile; fileRef = 851666B81CBF32C000C6AE47 /* LaunchScreen.storyboard */; };
		851666E51CBF334F00C6AE47 /* Assets.xcassets in Resources */ = {isa = PBXBuildFile; fileRef = 851666B61CBF32C000C6AE47 /* Assets.xcassets */; };
		851666E61CBF334F00C6AE47 /* Main.storyboard in Resources */ = {isa = PBXBuildFile; fileRef = 851666B31CBF32C000C6AE47 /* Main.storyboard */; };
		851666ED1CBF340200C6AE47 /* DJTargetTest.plist in Resources */ = {isa = PBXBuildFile; fileRef = 851666EC1CBF340200C6AE47 /* DJTargetTest.plist */; };
/* End PBXBuildFile section */

/* Begin PBXContainerItemProxy section */
		851666C11CBF32C000C6AE47 /* PBXContainerItemProxy */ = {
			isa = PBXContainerItemProxy;
			containerPortal = 8516669F1CBF32C000C6AE47 /* Project object */;
			proxyType = 1;
			remoteGlobalIDString = 851666A61CBF32C000C6AE47;
			remoteInfo = DJTarget;
		};
		851666CC1CBF32C000C6AE47 /* PBXContainerItemProxy */ = {
			isa = PBXContainerItemProxy;
			containerPortal = 8516669F1CBF32C000C6AE47 /* Project object */;
			proxyType = 1;
			remoteGlobalIDString = 851666A61CBF32C000C6AE47;
			remoteInfo = DJTarget;
		};
/* End PBXContainerItemProxy section */

/* Begin PBXFileReference section */
		851666A71CBF32C000C6AE47 /* DJTarget.app */ = {isa = PBXFileReference; explicitFileType = wrapper.application; includeInIndex = 0; path = DJTarget.app; sourceTree = BUILT_PRODUCTS_DIR; };
		851666AB1CBF32C000C6AE47 /* main.m */ = {isa = PBXFileReference; lastKnownFileType = sourcecode.c.objc; path = main.m; sourceTree = "<group>"; };
		851666AD1CBF32C000C6AE47 /* AppDelegate.h */ = {isa = PBXFileReference; lastKnownFileType = sourcecode.c.h; path = AppDelegate.h; sourceTree = "<group>"; };
		851666AE1CBF32C000C6AE47 /* AppDelegate.m */ = {isa = PBXFileReference; lastKnownFileType = sourcecode.c.objc; path = AppDelegate.m; sourceTree = "<group>"; };
		851666B01CBF32C000C6AE47 /* ViewController.h */ = {isa = PBXFileReference; lastKnownFileType = sourcecode.c.h; path = ViewController.h; sourceTree = "<group>"; };
		851666B11CBF32C000C6AE47 /* ViewController.m */ = {isa = PBXFileReference; lastKnownFileType = sourcecode.c.objc; path = ViewController.m; sourceTree = "<group>"; };
		851666B41CBF32C000C6AE47 /* Base */ = {isa = PBXFileReference; lastKnownFileType = file.storyboard; name = Base; path = Base.lproj/Main.storyboard; sourceTree = "<group>"; };
		851666B61CBF32C000C6AE47 /* Assets.xcassets */ = {isa = PBXFileReference; lastKnownFileType = folder.assetcatalog; path = Assets.xcassets; sourceTree = "<group>"; };
		851666B91CBF32C000C6AE47 /* Base */ = {isa = PBXFileReference; lastKnownFileType = file.storyboard; name = Base; path = Base.lproj/LaunchScreen.storyboard; sourceTree = "<group>"; };
		851666BB1CBF32C000C6AE47 /* Info.plist */ = {isa = PBXFileReference; lastKnownFileType = text.plist.xml; path = Info.plist; sourceTree = "<group>"; };
		851666C01CBF32C000C6AE47 /* DJTargetTests.xctest */ = {isa = PBXFileReference; explicitFileType = wrapper.cfbundle; includeInIndex = 0; path = DJTargetTests.xctest; sourceTree = BUILT_PRODUCTS_DIR; };
		851666C41CBF32C000C6AE47 /* DJTargetTests.m */ = {isa = PBXFileReference; lastKnownFileType = sourcecode.c.objc; path = DJTargetTests.m; sourceTree = "<group>"; };
		851666C61CBF32C000C6AE47 /* Info.plist */ = {isa = PBXFileReference; lastKnownFileType = text.plist.xml; path = Info.plist; sourceTree = "<group>"; };
		851666CB1CBF32C000C6AE47 /* DJTargetUITests.xctest */ = {isa = PBXFileReference; explicitFileType = wrapper.cfbundle; includeInIndex = 0; path = DJTargetUITests.xctest; sourceTree = BUILT_PRODUCTS_DIR; };
		851666CF1CBF32C000C6AE47 /* DJTargetUITests.m */ = {isa = PBXFileReference; lastKnownFileType = sourcecode.c.objc; path = DJTargetUITests.m; sourceTree = "<group>"; };
		851666D11CBF32C000C6AE47 /* Info.plist */ = {isa = PBXFileReference; lastKnownFileType = text.plist.xml; path = Info.plist; sourceTree = "<group>"; };
		851666EA1CBF334F00C6AE47 /* DJTargetTest.app */ = {isa = PBXFileReference; explicitFileType = wrapper.application; includeInIndex = 0; path = DJTargetTest.app; sourceTree = BUILT_PRODUCTS_DIR; };
		851666EC1CBF340200C6AE47 /* DJTargetTest.plist */ = {isa = PBXFileReference; fileEncoding = 4; lastKnownFileType = text.plist.xml; path = DJTargetTest.plist; sourceTree = "<group>"; };
/* End PBXFileReference section */

/* Begin PBXFrameworksBuildPhase section */
		851666A41CBF32C000C6AE47 /* Frameworks */ = {
			isa = PBXFrameworksBuildPhase;
			buildActionMask = 2147483647;
			files = (
			);
			runOnlyForDeploymentPostprocessing = 0;
		};
		851666BD1CBF32C000C6AE47 /* Frameworks */ = {
			isa = PBXFrameworksBuildPhase;
			buildActionMask = 2147483647;
			files = (
			);
			runOnlyForDeploymentPostprocessing = 0;
		};
		851666C81CBF32C000C6AE47 /* Frameworks */ = {
			isa = PBXFrameworksBuildPhase;
			buildActionMask = 2147483647;
			files = (
			);
			runOnlyForDeploymentPostprocessing = 0;
		};
		851666E21CBF334F00C6AE47 /* Frameworks */ = {
			isa = PBXFrameworksBuildPhase;
			buildActionMask = 2147483647;
			files = (
			);
			runOnlyForDeploymentPostprocessing = 0;
		};
/* End PBXFrameworksBuildPhase section */

/* Begin PBXGroup section */
		8516669E1CBF32C000C6AE47 = {
			isa = PBXGroup;
			children = (
				851666A91CBF32C000C6AE47 /* DJTarget */,
				851666C31CBF32C000C6AE47 /* DJTargetTests */,
				851666CE1CBF32C000C6AE47 /* DJTargetUITests */,
				851666A81CBF32C000C6AE47 /* Products */,
			);
			sourceTree = "<group>";
		};
		851666A81CBF32C000C6AE47 /* Products */ = {
			isa = PBXGroup;
			children = (
				851666A71CBF32C000C6AE47 /* DJTarget.app */,
				851666C01CBF32C000C6AE47 /* DJTargetTests.xctest */,
				851666CB1CBF32C000C6AE47 /* DJTargetUITests.xctest */,
				851666EA1CBF334F00C6AE47 /* DJTargetTest.app */,
			);
			name = Products;
			sourceTree = "<group>";
		};
		851666A91CBF32C000C6AE47 /* DJTarget */ = {
			isa = PBXGroup;
			children = (
				851666AD1CBF32C000C6AE47 /* AppDelegate.h */,
				851666AE1CBF32C000C6AE47 /* AppDelegate.m */,
				851666B01CBF32C000C6AE47 /* ViewController.h */,
				851666B11CBF32C000C6AE47 /* ViewController.m */,
				851666B31CBF32C000C6AE47 /* Main.storyboard */,
				851666B61CBF32C000C6AE47 /* Assets.xcassets */,
				851666B81CBF32C000C6AE47 /* LaunchScreen.storyboard */,
				851666BB1CBF32C000C6AE47 /* Info.plist */,
				851666EC1CBF340200C6AE47 /* DJTargetTest.plist */,
				851666AA1CBF32C000C6AE47 /* Supporting Files */,
			);
			path = DJTarget;
			sourceTree = "<group>";
		};
		851666AA1CBF32C000C6AE47 /* Supporting Files */ = {
			isa = PBXGroup;
			children = (
				851666AB1CBF32C000C6AE47 /* main.m */,
			);
			name = "Supporting Files";
			sourceTree = "<group>";
		};
		851666C31CBF32C000C6AE47 /* DJTargetTests */ = {
			isa = PBXGroup;
			children = (
				851666C41CBF32C000C6AE47 /* DJTargetTests.m */,
				851666C61CBF32C000C6AE47 /* Info.plist */,
			);
			path = DJTargetTests;
			sourceTree = "<group>";
		};
		851666CE1CBF32C000C6AE47 /* DJTargetUITests */ = {
			isa = PBXGroup;
			children = (
				851666CF1CBF32C000C6AE47 /* DJTargetUITests.m */,
				851666D11CBF32C000C6AE47 /* Info.plist */,
			);
			path = DJTargetUITests;
			sourceTree = "<group>";
		};
/* End PBXGroup section */

/* Begin PBXNativeTarget section */
		851666A61CBF32C000C6AE47 /* DJTarget */ = {
			isa = PBXNativeTarget;
			buildConfigurationList = 851666D41CBF32C000C6AE47 /* Build configuration list for PBXNativeTarget "DJTarget" */;
			buildPhases = (
				851666A31CBF32C000C6AE47 /* Sources */,
				851666A41CBF32C000C6AE47 /* Frameworks */,
				851666A51CBF32C000C6AE47 /* Resources */,
			);
			buildRules = (
			);
			dependencies = (
			);
			name = DJTarget;
			productName = DJTarget;
			productReference = 851666A71CBF32C000C6AE47 /* DJTarget.app */;
			productType = "com.apple.product-type.application";
		};
		851666BF1CBF32C000C6AE47 /* DJTargetTests */ = {
			isa = PBXNativeTarget;
			buildConfigurationList = 851666D71CBF32C000C6AE47 /* Build configuration list for PBXNativeTarget "DJTargetTests" */;
			buildPhases = (
				851666BC1CBF32C000C6AE47 /* Sources */,
				851666BD1CBF32C000C6AE47 /* Frameworks */,
				851666BE1CBF32C000C6AE47 /* Resources */,
			);
			buildRules = (
			);
			dependencies = (
				851666C21CBF32C000C6AE47 /* PBXTargetDependency */,
			);
			name = DJTargetTests;
			productName = DJTargetTests;
			productReference = 851666C01CBF32C000C6AE47 /* DJTargetTests.xctest */;
			productType = "com.apple.product-type.bundle.unit-test";
		};
		851666CA1CBF32C000C6AE47 /* DJTargetUITests */ = {
			isa = PBXNativeTarget;
			buildConfigurationList = 851666DA1CBF32C000C6AE47 /* Build configuration list for PBXNativeTarget "DJTargetUITests" */;
			buildPhases = (
				851666C71CBF32C000C6AE47 /* Sources */,
				851666C81CBF32C000C6AE47 /* Frameworks */,
				851666C91CBF32C000C6AE47 /* Resources */,
			);
			buildRules = (
			);
			dependencies = (
				851666CD1CBF32C000C6AE47 /* PBXTargetDependency */,
			);
			name = DJTargetUITests;
			productName = DJTargetUITests;
			productReference = 851666CB1CBF32C000C6AE47 /* DJTargetUITests.xctest */;
			productType = "com.apple.product-type.bundle.ui-testing";
		};
		851666DD1CBF334F00C6AE47 /* DJTargetTest */ = {
			isa = PBXNativeTarget;
			buildConfigurationList = 851666E71CBF334F00C6AE47 /* Build configuration list for PBXNativeTarget "DJTargetTest" */;
			buildPhases = (
				851666DE1CBF334F00C6AE47 /* Sources */,
				851666E21CBF334F00C6AE47 /* Frameworks */,
				851666E31CBF334F00C6AE47 /* Resources */,
			);
			buildRules = (
			);
			dependencies = (
			);
			name = DJTargetTest;
			productName = DJTarget;
			productReference = 851666EA1CBF334F00C6AE47 /* DJTargetTest.app */;
			productType = "com.apple.product-type.application";
		};
/* End PBXNativeTarget section */

/* Begin PBXProject section */
		8516669F1CBF32C000C6AE47 /* Project object */ = {
			isa = PBXProject;
			attributes = {
				LastUpgradeCheck = 0730;
				ORGANIZATIONNAME = olive;
				TargetAttributes = {
					851666A61CBF32C000C6AE47 = {
						CreatedOnToolsVersion = 7.3;
					};
					851666BF1CBF32C000C6AE47 = {
						CreatedOnToolsVersion = 7.3;
						TestTargetID = 851666A61CBF32C000C6AE47;
					};
					851666CA1CBF32C000C6AE47 = {
						CreatedOnToolsVersion = 7.3;
						TestTargetID = 851666A61CBF32C000C6AE47;
					};
				};
			};
			buildConfigurationList = 851666A21CBF32C000C6AE47 /* Build configuration list for PBXProject "DJTarget" */;
			compatibilityVersion = "Xcode 3.2";
			developmentRegion = English;
			hasScannedForEncodings = 0;
			knownRegions = (
				en,
				Base,
			);
			mainGroup = 8516669E1CBF32C000C6AE47;
			productRefGroup = 851666A81CBF32C000C6AE47 /* Products */;
			projectDirPath = "";
			projectRoot = "";
			targets = (
				851666A61CBF32C000C6AE47 /* DJTarget */,
				851666BF1CBF32C000C6AE47 /* DJTargetTests */,
				851666CA1CBF32C000C6AE47 /* DJTargetUITests */,
				851666DD1CBF334F00C6AE47 /* DJTargetTest */,
			);
		};
/* End PBXProject section */

/* Begin PBXResourcesBuildPhase section */
		851666A51CBF32C000C6AE47 /* Resources */ = {
			isa = PBXResourcesBuildPhase;
			buildActionMask = 2147483647;
			files = (
				851666BA1CBF32C000C6AE47 /* LaunchScreen.storyboard in Resources */,
				851666ED1CBF340200C6AE47 /* DJTargetTest.plist in Resources */,
				851666B71CBF32C000C6AE47 /* Assets.xcassets in Resources */,
				851666B51CBF32C000C6AE47 /* Main.storyboard in Resources */,
			);
			runOnlyForDeploymentPostprocessing = 0;
		};
		851666BE1CBF32C000C6AE47 /* Resources */ = {
			isa = PBXResourcesBuildPhase;
			buildActionMask = 2147483647;
			files = (
			);
			runOnlyForDeploymentPostprocessing = 0;
		};
		851666C91CBF32C000C6AE47 /* Resources */ = {
			isa = PBXResourcesBuildPhase;
			buildActionMask = 2147483647;
			files = (
			);
			runOnlyForDeploymentPostprocessing = 0;
		};
		851666E31CBF334F00C6AE47 /* Resources */ = {
			isa = PBXResourcesBuildPhase;
			buildActionMask = 2147483647;
			files = (
				851666E41CBF334F00C6AE47 /* LaunchScreen.storyboard in Resources */,
				851666E51CBF334F00C6AE47 /* Assets.xcassets in Resources */,
				851666E61CBF334F00C6AE47 /* Main.storyboard in Resources */,
			);
			runOnlyForDeploymentPostprocessing = 0;
		};
/* End PBXResourcesBuildPhase section */

/* Begin PBXSourcesBuildPhase section */
		851666A31CBF32C000C6AE47 /* Sources */ = {
			isa = PBXSourcesBuildPhase;
			buildActionMask = 2147483647;
			files = (
				851666B21CBF32C000C6AE47 /* ViewController.m in Sources */,
				851666AF1CBF32C000C6AE47 /* AppDelegate.m in Sources */,
				851666AC1CBF32C000C6AE47 /* main.m in Sources */,
			);
			runOnlyForDeploymentPostprocessing = 0;
		};
		851666BC1CBF32C000C6AE47 /* Sources */ = {
			isa = PBXSourcesBuildPhase;
			buildActionMask = 2147483647;
			files = (
				851666C51CBF32C000C6AE47 /* DJTargetTests.m in Sources */,
			);
			runOnlyForDeploymentPostprocessing = 0;
		};
		851666C71CBF32C000C6AE47 /* Sources */ = {
			isa = PBXSourcesBuildPhase;
			buildActionMask = 2147483647;
			files = (
				851666D01CBF32C000C6AE47 /* DJTargetUITests.m in Sources */,
			);
			runOnlyForDeploymentPostprocessing = 0;
		};
		851666DE1CBF334F00C6AE47 /* Sources */ = {
			isa = PBXSourcesBuildPhase;
			buildActionMask = 2147483647;
			files = (
				851666DF1CBF334F00C6AE47 /* ViewController.m in Sources */,
				851666E01CBF334F00C6AE47 /* AppDelegate.m in Sources */,
				851666E11CBF334F00C6AE47 /* main.m in Sources */,
			);
			runOnlyForDeploymentPostprocessing = 0;
		};
/* End PBXSourcesBuildPhase section */

/* Begin PBXTargetDependency section */
		851666C21CBF32C000C6AE47 /* PBXTargetDependency */ = {
			isa = PBXTargetDependency;
			target = 851666A61CBF32C000C6AE47 /* DJTarget */;
			targetProxy = 851666C11CBF32C000C6AE47 /* PBXContainerItemProxy */;
		};
		851666CD1CBF32C000C6AE47 /* PBXTargetDependency */ = {
			isa = PBXTargetDependency;
			target = 851666A61CBF32C000C6AE47 /* DJTarget */;
			targetProxy = 851666CC1CBF32C000C6AE47 /* PBXContainerItemProxy */;
		};
/* End PBXTargetDependency section */

/* Begin PBXVariantGroup section */
		851666B31CBF32C000C6AE47 /* Main.storyboard */ = {
			isa = PBXVariantGroup;
			children = (
				851666B41CBF32C000C6AE47 /* Base */,
			);
			name = Main.storyboard;
			sourceTree = "<group>";
		};
		851666B81CBF32C000C6AE47 /* LaunchScreen.storyboard */ = {
			isa = PBXVariantGroup;
			children = (
				851666B91CBF32C000C6AE47 /* Base */,
			);
			name = LaunchScreen.storyboard;
			sourceTree = "<group>";
		};
/* End PBXVariantGroup section */

/* Begin XCBuildConfiguration section */
		851666D21CBF32C000C6AE47 /* Debug */ = {
			isa = XCBuildConfiguration;
			buildSettings = {
				ALWAYS_SEARCH_USER_PATHS = NO;
				CLANG_ANALYZER_NONNULL = YES;
				CLANG_CXX_LANGUAGE_STANDARD = "gnu++0x";
				CLANG_CXX_LIBRARY = "libc++";
				CLANG_ENABLE_MODULES = YES;
				CLANG_ENABLE_OBJC_ARC = YES;
				CLANG_WARN_BOOL_CONVERSION = YES;
				CLANG_WARN_CONSTANT_CONVERSION = YES;
				CLANG_WARN_DIRECT_OBJC_ISA_USAGE = YES_ERROR;
				CLANG_WARN_EMPTY_BODY = YES;
				CLANG_WARN_ENUM_CONVERSION = YES;
				CLANG_WARN_INT_CONVERSION = YES;
				CLANG_WARN_OBJC_ROOT_CLASS = YES_ERROR;
				CLANG_WARN_UNREACHABLE_CODE = YES;
				CLANG_WARN__DUPLICATE_METHOD_MATCH = YES;
				"CODE_SIGN_IDENTITY[sdk=iphoneos*]" = "iPhone Developer";
				COPY_PHASE_STRIP = NO;
				DEBUG_INFORMATION_FORMAT = dwarf;
				ENABLE_STRICT_OBJC_MSGSEND = YES;
				ENABLE_TESTABILITY = YES;
				GCC_C_LANGUAGE_STANDARD = gnu99;
				GCC_DYNAMIC_NO_PIC = NO;
				GCC_NO_COMMON_BLOCKS = YES;
				GCC_OPTIMIZATION_LEVEL = 0;
				GCC_PREPROCESSOR_DEFINITIONS = (
					"DEBUG=1",
					"$(inherited)",
				);
				GCC_WARN_64_TO_32_BIT_CONVERSION = YES;
				GCC_WARN_ABOUT_RETURN_TYPE = YES_ERROR;
				GCC_WARN_UNDECLARED_SELECTOR = YES;
				GCC_WARN_UNINITIALIZED_AUTOS = YES_AGGRESSIVE;
				GCC_WARN_UNUSED_FUNCTION = YES;
				GCC_WARN_UNUSED_VARIABLE = YES;
				IPHONEOS_DEPLOYMENT_TARGET = 9.3;
				MTL_ENABLE_DEBUG_INFO = YES;
				ONLY_ACTIVE_ARCH = YES;
				SDKROOT = iphoneos;
				TARGETED_DEVICE_FAMILY = "1,2";
			};
			name = Debug;
		};
		851666D31CBF32C000C6AE47 /* Release */ = {
			isa = XCBuildConfiguration;
			buildSettings = {
				ALWAYS_SEARCH_USER_PATHS = NO;
				CLANG_ANALYZER_NONNULL = YES;
				CLANG_CXX_LANGUAGE_STANDARD = "gnu++0x";
				CLANG_CXX_LIBRARY = "libc++";
				CLANG_ENABLE_MODULES = YES;
				CLANG_ENABLE_OBJC_ARC = YES;
				CLANG_WARN_BOOL_CONVERSION = YES;
				CLANG_WARN_CONSTANT_CONVERSION = YES;
				CLANG_WARN_DIRECT_OBJC_ISA_USAGE = YES_ERROR;
				CLANG_WARN_EMPTY_BODY = YES;
				CLANG_WARN_ENUM_CONVERSION = YES;
				CLANG_WARN_INT_CONVERSION = YES;
				CLANG_WARN_OBJC_ROOT_CLASS = YES_ERROR;
				CLANG_WARN_UNREACHABLE_CODE = YES;
				CLANG_WARN__DUPLICATE_METHOD_MATCH = YES;
				"CODE_SIGN_IDENTITY[sdk=iphoneos*]" = "iPhone Developer";
				COPY_PHASE_STRIP = NO;
				DEBUG_INFORMATION_FORMAT = "dwarf-with-dsym";
				ENABLE_NS_ASSERTIONS = NO;
				ENABLE_STRICT_OBJC_MSGSEND = YES;
				GCC_C_LANGUAGE_STANDARD = gnu99;
				GCC_NO_COMMON_BLOCKS = YES;
				GCC_WARN_64_TO_32_BIT_CONVERSION = YES;
				GCC_WARN_ABOUT_RETURN_TYPE = YES_ERROR;
				GCC_WARN_UNDECLARED_SELECTOR = YES;
				GCC_WARN_UNINITIALIZED_AUTOS = YES_AGGRESSIVE;
				GCC_WARN_UNUSED_FUNCTION = YES;
				GCC_WARN_UNUSED_VARIABLE = YES;
				IPHONEOS_DEPLOYMENT_TARGET = 9.3;
				MTL_ENABLE_DEBUG_INFO = NO;
				SDKROOT = iphoneos;
				TARGETED_DEVICE_FAMILY = "1,2";
				VALIDATE_PRODUCT = YES;
			};
			name = Release;
		};
		851666D51CBF32C000C6AE47 /* Debug */ = {
			isa = XCBuildConfiguration;
			buildSettings = {
				ASSETCATALOG_COMPILER_APPICON_NAME = AppIcon;
				INFOPLIST_FILE = DJTarget/Info.plist;
				LD_RUNPATH_SEARCH_PATHS = "$(inherited) @executable_path/Frameworks";
				PRODUCT_BUNDLE_IDENTIFIER = com.mugua.DJTarget;
				PRODUCT_NAME = "$(TARGET_NAME)";
			};
			name = Debug;
		};
		851666D61CBF32C000C6AE47 /* Release */ = {
			isa = XCBuildConfiguration;
			buildSettings = {
				ASSETCATALOG_COMPILER_APPICON_NAME = AppIcon;
				INFOPLIST_FILE = DJTarget/Info.plist;
				LD_RUNPATH_SEARCH_PATHS = "$(inherited) @executable_path/Frameworks";
				PRODUCT_BUNDLE_IDENTIFIER = com.mugua.DJTarget;
				PRODUCT_NAME = "$(TARGET_NAME)";
			};
			name = Release;
		};
		851666D81CBF32C000C6AE47 /* Debug */ = {
			isa = XCBuildConfiguration;
			buildSettings = {
				BUNDLE_LOADER = "$(TEST_HOST)";
				INFOPLIST_FILE = DJTargetTests/Info.plist;
				LD_RUNPATH_SEARCH_PATHS = "$(inherited) @executable_path/Frameworks @loader_path/Frameworks";
				PRODUCT_BUNDLE_IDENTIFIER = com.mugua.DJTargetTests;
				PRODUCT_NAME = "$(TARGET_NAME)";
				TEST_HOST = "$(BUILT_PRODUCTS_DIR)/DJTarget.app/DJTarget";
			};
			name = Debug;
		};
		851666D91CBF32C000C6AE47 /* Release */ = {
			isa = XCBuildConfiguration;
			buildSettings = {
				BUNDLE_LOADER = "$(TEST_HOST)";
				INFOPLIST_FILE = DJTargetTests/Info.plist;
				LD_RUNPATH_SEARCH_PATHS = "$(inherited) @executable_path/Frameworks @loader_path/Frameworks";
				PRODUCT_BUNDLE_IDENTIFIER = com.mugua.DJTargetTests;
				PRODUCT_NAME = "$(TARGET_NAME)";
				TEST_HOST = "$(BUILT_PRODUCTS_DIR)/DJTarget.app/DJTarget";
			};
			name = Release;
		};
		851666DB1CBF32C000C6AE47 /* Debug */ = {
			isa = XCBuildConfiguration;
			buildSettings = {
				INFOPLIST_FILE = DJTargetUITests/Info.plist;
				LD_RUNPATH_SEARCH_PATHS = "$(inherited) @executable_path/Frameworks @loader_path/Frameworks";
				PRODUCT_BUNDLE_IDENTIFIER = com.mugua.DJTargetUITests;
				PRODUCT_NAME = "$(TARGET_NAME)";
				TEST_TARGET_NAME = DJTarget;
			};
			name = Debug;
		};
		851666DC1CBF32C000C6AE47 /* Release */ = {
			isa = XCBuildConfiguration;
			buildSettings = {
				INFOPLIST_FILE = DJTargetUITests/Info.plist;
				LD_RUNPATH_SEARCH_PATHS = "$(inherited) @executable_path/Frameworks @loader_path/Frameworks";
				PRODUCT_BUNDLE_IDENTIFIER = com.mugua.DJTargetUITests;
				PRODUCT_NAME = "$(TARGET_NAME)";
				TEST_TARGET_NAME = DJTarget;
			};
			name = Release;
		};
		851666E81CBF334F00C6AE47 /* Debug */ = {
			isa = XCBuildConfiguration;
			buildSettings = {
				ASSETCATALOG_COMPILER_APPICON_NAME = AppIcon;
				GCC_PREPROCESSOR_DEFINITIONS = (
					"DEBUG=1",
					"$(inherited)",
					"DJTest=1",
				);
				INFOPLIST_FILE = DJTarget/DJTargetTest.plist;
				LD_RUNPATH_SEARCH_PATHS = "$(inherited) @executable_path/Frameworks";
				PRODUCT_BUNDLE_IDENTIFIER = com.mugua.DJTargetTest;
				PRODUCT_NAME = "$(TARGET_NAME)";
			};
			name = Debug;
		};
		851666E91CBF334F00C6AE47 /* Release */ = {
			isa = XCBuildConfiguration;
			buildSettings = {
				ASSETCATALOG_COMPILER_APPICON_NAME = AppIcon;
				INFOPLIST_FILE = DJTarget/DJTargetTest.plist;
				LD_RUNPATH_SEARCH_PATHS = "$(inherited) @executable_path/Frameworks";
				PRODUCT_BUNDLE_IDENTIFIER = com.mugua.DJTargetTest;
				PRODUCT_NAME = "$(TARGET_NAME)";
			};
			name = Release;
		};
/* End XCBuildConfiguration section */

/* Begin XCConfigurationList section */
		851666A21CBF32C000C6AE47 /* Build configuration list for PBXProject "DJTarget" */ = {
			isa = XCConfigurationList;
			buildConfigurations = (
				851666D21CBF32C000C6AE47 /* Debug */,
				851666D31CBF32C000C6AE47 /* Release */,
			);
			defaultConfigurationIsVisible = 0;
			defaultConfigurationName = Release;
		};
		851666D41CBF32C000C6AE47 /* Build configuration list for PBXNativeTarget "DJTarget" */ = {
			isa = XCConfigurationList;
			buildConfigurations = (
				851666D51CBF32C000C6AE47 /* Debug */,
				851666D61CBF32C000C6AE47 /* Release */,
			);
			defaultConfigurationIsVisible = 0;
		};
		851666D71CBF32C000C6AE47 /* Build configuration list for PBXNativeTarget "DJTargetTests" */ = {
			isa = XCConfigurationList;
			buildConfigurations = (
				851666D81CBF32C000C6AE47 /* Debug */,
				851666D91CBF32C000C6AE47 /* Release */,
			);
			defaultConfigurationIsVisible = 0;
		};
		851666DA1CBF32C000C6AE47 /* Build configuration list for PBXNativeTarget "DJTargetUITests" */ = {
			isa = XCConfigurationList;
			buildConfigurations = (
				851666DB1CBF32C000C6AE47 /* Debug */,
				851666DC1CBF32C000C6AE47 /* Release */,
			);
			defaultConfigurationIsVisible = 0;
		};
		851666E71CBF334F00C6AE47 /* Build configuration list for PBXNativeTarget "DJTargetTest" */ = {
			isa = XCConfigurationList;
			buildConfigurations = (
				851666E81CBF334F00C6AE47 /* Debug */,
				851666E91CBF334F00C6AE47 /* Release */,
			);
			defaultConfigurationIsVisible = 0;
			defaultConfigurationName = Release;
		};
/* End XCConfigurationList section */
	};
	rootObject = 8516669F1CBF32C000C6AE47 /* Project object */;
}
